// !$*UTF8*$!
{
	archiveVersion = 1;
	classes = {
	};
	objectVersion = 50;
	objects = {

/* Begin PBXBuildFile section */
		18619B2121C3B74600F9968B /* AppDelegate.swift in Sources */ = {isa = PBXBuildFile; fileRef = 18619B2021C3B74600F9968B /* AppDelegate.swift */; };
		18619B2321C3B74600F9968B /* ViewController.swift in Sources */ = {isa = PBXBuildFile; fileRef = 18619B2221C3B74600F9968B /* ViewController.swift */; };
		18619B2621C3B74600F9968B /* Main.storyboard in Resources */ = {isa = PBXBuildFile; fileRef = 18619B2421C3B74600F9968B /* Main.storyboard */; };
		18619B2821C3B74800F9968B /* Assets.xcassets in Resources */ = {isa = PBXBuildFile; fileRef = 18619B2721C3B74800F9968B /* Assets.xcassets */; };
		18619B2B21C3B74800F9968B /* LaunchScreen.storyboard in Resources */ = {isa = PBXBuildFile; fileRef = 18619B2921C3B74800F9968B /* LaunchScreen.storyboard */; };
		18619B3621C3B74800F9968B /* StopwatchTests.swift in Sources */ = {isa = PBXBuildFile; fileRef = 18619B3521C3B74800F9968B /* StopwatchTests.swift */; };
		18619B4121C3B74800F9968B /* StopwatchUITests.swift in Sources */ = {isa = PBXBuildFile; fileRef = 18619B4021C3B74800F9968B /* StopwatchUITests.swift */; };
		18C35BC421CCC54E003279DD /* alarm.mp3 in Resources */ = {isa = PBXBuildFile; fileRef = 18C35BC321CCC54E003279DD /* alarm.mp3 */; };
/* End PBXBuildFile section */

/* Begin PBXContainerItemProxy section */
		18619B3221C3B74800F9968B /* PBXContainerItemProxy */ = {
			isa = PBXContainerItemProxy;
			containerPortal = 18619B1521C3B74600F9968B /* Project object */;
			proxyType = 1;
			remoteGlobalIDString = 18619B1C21C3B74600F9968B;
			remoteInfo = Stopwatch;
		};
		18619B3D21C3B74800F9968B /* PBXContainerItemProxy */ = {
			isa = PBXContainerItemProxy;
			containerPortal = 18619B1521C3B74600F9968B /* Project object */;
			proxyType = 1;
			remoteGlobalIDString = 18619B1C21C3B74600F9968B;
			remoteInfo = Stopwatch;
		};
/* End PBXContainerItemProxy section */

/* Begin PBXFileReference section */
		18619B1D21C3B74600F9968B /* Stopwatch.app */ = {isa = PBXFileReference; explicitFileType = wrapper.application; includeInIndex = 0; path = Stopwatch.app; sourceTree = BUILT_PRODUCTS_DIR; };
		18619B2021C3B74600F9968B /* AppDelegate.swift */ = {isa = PBXFileReference; lastKnownFileType = sourcecode.swift; path = AppDelegate.swift; sourceTree = "<group>"; };
		18619B2221C3B74600F9968B /* ViewController.swift */ = {isa = PBXFileReference; lastKnownFileType = sourcecode.swift; path = ViewController.swift; sourceTree = "<group>"; };
		18619B2521C3B74600F9968B /* Base */ = {isa = PBXFileReference; lastKnownFileType = file.storyboard; name = Base; path = Base.lproj/Main.storyboard; sourceTree = "<group>"; };
		18619B2721C3B74800F9968B /* Assets.xcassets */ = {isa = PBXFileReference; lastKnownFileType = folder.assetcatalog; path = Assets.xcassets; sourceTree = "<group>"; };
		18619B2A21C3B74800F9968B /* Base */ = {isa = PBXFileReference; lastKnownFileType = file.storyboard; name = Base; path = Base.lproj/LaunchScreen.storyboard; sourceTree = "<group>"; };
		18619B2C21C3B74800F9968B /* Info.plist */ = {isa = PBXFileReference; lastKnownFileType = text.plist.xml; path = Info.plist; sourceTree = "<group>"; };
		18619B3121C3B74800F9968B /* StopwatchTests.xctest */ = {isa = PBXFileReference; explicitFileType = wrapper.cfbundle; includeInIndex = 0; path = StopwatchTests.xctest; sourceTree = BUILT_PRODUCTS_DIR; };
		18619B3521C3B74800F9968B /* StopwatchTests.swift */ = {isa = PBXFileReference; lastKnownFileType = sourcecode.swift; path = StopwatchTests.swift; sourceTree = "<group>"; };
		18619B3721C3B74800F9968B /* Info.plist */ = {isa = PBXFileReference; lastKnownFileType = text.plist.xml; path = Info.plist; sourceTree = "<group>"; };
		18619B3C21C3B74800F9968B /* StopwatchUITests.xctest */ = {isa = PBXFileReference; explicitFileType = wrapper.cfbundle; includeInIndex = 0; path = StopwatchUITests.xctest; sourceTree = BUILT_PRODUCTS_DIR; };
		18619B4021C3B74800F9968B /* StopwatchUITests.swift */ = {isa = PBXFileReference; lastKnownFileType = sourcecode.swift; path = StopwatchUITests.swift; sourceTree = "<group>"; };
		18619B4221C3B74800F9968B /* Info.plist */ = {isa = PBXFileReference; lastKnownFileType = text.plist.xml; path = Info.plist; sourceTree = "<group>"; };
		18C35BC321CCC54E003279DD /* alarm.mp3 */ = {isa = PBXFileReference; lastKnownFileType = audio.mp3; path = alarm.mp3; sourceTree = "<group>"; };
/* End PBXFileReference section */

/* Begin PBXFrameworksBuildPhase section */
		18619B1A21C3B74600F9968B /* Frameworks */ = {
			isa = PBXFrameworksBuildPhase;
			buildActionMask = 2147483647;
			files = (
			);
			runOnlyForDeploymentPostprocessing = 0;
		};
		18619B2E21C3B74800F9968B /* Frameworks */ = {
			isa = PBXFrameworksBuildPhase;
			buildActionMask = 2147483647;
			files = (
			);
			runOnlyForDeploymentPostprocessing = 0;
		};
		18619B3921C3B74800F9968B /* Frameworks */ = {
			isa = PBXFrameworksBuildPhase;
			buildActionMask = 2147483647;
			files = (
			);
			runOnlyForDeploymentPostprocessing = 0;
		};
/* End PBXFrameworksBuildPhase section */

/* Begin PBXGroup section */
		18619B1421C3B74600F9968B = {
			isa = PBXGroup;
			children = (
				18619B1F21C3B74600F9968B /* Stopwatch */,
				18619B3421C3B74800F9968B /* StopwatchTests */,
				18619B3F21C3B74800F9968B /* StopwatchUITests */,
				18619B1E21C3B74600F9968B /* Products */,
				18C35BC321CCC54E003279DD /* alarm.mp3 */,
			);
			sourceTree = "<group>";
		};
		18619B1E21C3B74600F9968B /* Products */ = {
			isa = PBXGroup;
			children = (
				18619B1D21C3B74600F9968B /* Stopwatch.app */,
				18619B3121C3B74800F9968B /* StopwatchTests.xctest */,
				18619B3C21C3B74800F9968B /* StopwatchUITests.xctest */,
			);
			name = Products;
			sourceTree = "<group>";
		};
		18619B1F21C3B74600F9968B /* Stopwatch */ = {
			isa = PBXGroup;
			children = (
				18619B2021C3B74600F9968B /* AppDelegate.swift */,
				18619B2221C3B74600F9968B /* ViewController.swift */,
				18619B2421C3B74600F9968B /* Main.storyboard */,
				18619B2721C3B74800F9968B /* Assets.xcassets */,
				18619B2921C3B74800F9968B /* LaunchScreen.storyboard */,
				18619B2C21C3B74800F9968B /* Info.plist */,
			);
			path = Stopwatch;
			sourceTree = "<group>";
		};
		18619B3421C3B74800F9968B /* StopwatchTests */ = {
			isa = PBXGroup;
			children = (
				18619B3521C3B74800F9968B /* StopwatchTests.swift */,
				18619B3721C3B74800F9968B /* Info.plist */,
			);
			path = StopwatchTests;
			sourceTree = "<group>";
		};
		18619B3F21C3B74800F9968B /* StopwatchUITests */ = {
			isa = PBXGroup;
			children = (
				18619B4021C3B74800F9968B /* StopwatchUITests.swift */,
				18619B4221C3B74800F9968B /* Info.plist */,
			);
			path = StopwatchUITests;
			sourceTree = "<group>";
		};
/* End PBXGroup section */

/* Begin PBXNativeTarget section */
		18619B1C21C3B74600F9968B /* Stopwatch */ = {
			isa = PBXNativeTarget;
			buildConfigurationList = 18619B4521C3B74800F9968B /* Build configuration list for PBXNativeTarget "Stopwatch" */;
			buildPhases = (
				18619B1921C3B74600F9968B /* Sources */,
				18619B1A21C3B74600F9968B /* Frameworks */,
				18619B1B21C3B74600F9968B /* Resources */,
			);
			buildRules = (
			);
			dependencies = (
			);
			name = Stopwatch;
			productName = Stopwatch;
			productReference = 18619B1D21C3B74600F9968B /* Stopwatch.app */;
			productType = "com.apple.product-type.application";
		};
		18619B3021C3B74800F9968B /* StopwatchTests */ = {
			isa = PBXNativeTarget;
			buildConfigurationList = 18619B4821C3B74800F9968B /* Build configuration list for PBXNativeTarget "StopwatchTests" */;
			buildPhases = (
				18619B2D21C3B74800F9968B /* Sources */,
				18619B2E21C3B74800F9968B /* Frameworks */,
				18619B2F21C3B74800F9968B /* Resources */,
			);
			buildRules = (
			);
			dependencies = (
				18619B3321C3B74800F9968B /* PBXTargetDependency */,
			);
			name = StopwatchTests;
			productName = StopwatchTests;
			productReference = 18619B3121C3B74800F9968B /* StopwatchTests.xctest */;
			productType = "com.apple.product-type.bundle.unit-test";
		};
		18619B3B21C3B74800F9968B /* StopwatchUITests */ = {
			isa = PBXNativeTarget;
			buildConfigurationList = 18619B4B21C3B74800F9968B /* Build configuration list for PBXNativeTarget "StopwatchUITests" */;
			buildPhases = (
				18619B3821C3B74800F9968B /* Sources */,
				18619B3921C3B74800F9968B /* Frameworks */,
				18619B3A21C3B74800F9968B /* Resources */,
			);
			buildRules = (
			);
			dependencies = (
				18619B3E21C3B74800F9968B /* PBXTargetDependency */,
			);
			name = StopwatchUITests;
			productName = StopwatchUITests;
			productReference = 18619B3C21C3B74800F9968B /* StopwatchUITests.xctest */;
			productType = "com.apple.product-type.bundle.ui-testing";
		};
/* End PBXNativeTarget section */

/* Begin PBXProject section */
		18619B1521C3B74600F9968B /* Project object */ = {
			isa = PBXProject;
			attributes = {
				LastSwiftUpdateCheck = 1010;
				LastUpgradeCheck = 1010;
				ORGANIZATIONNAME = Seraphic;
				TargetAttributes = {
					18619B1C21C3B74600F9968B = {
						CreatedOnToolsVersion = 10.1;
					};
					18619B3021C3B74800F9968B = {
						CreatedOnToolsVersion = 10.1;
						TestTargetID = 18619B1C21C3B74600F9968B;
					};
					18619B3B21C3B74800F9968B = {
						CreatedOnToolsVersion = 10.1;
						TestTargetID = 18619B1C21C3B74600F9968B;
					};
				};
			};
			buildConfigurationList = 18619B1821C3B74600F9968B /* Build configuration list for PBXProject "Stopwatch" */;
			compatibilityVersion = "Xcode 9.3";
			developmentRegion = en;
			hasScannedForEncodings = 0;
			knownRegions = (
				en,
				Base,
			);
			mainGroup = 18619B1421C3B74600F9968B;
			productRefGroup = 18619B1E21C3B74600F9968B /* Products */;
			projectDirPath = "";
			projectRoot = "";
			targets = (
				18619B1C21C3B74600F9968B /* Stopwatch */,
				18619B3021C3B74800F9968B /* StopwatchTests */,
				18619B3B21C3B74800F9968B /* StopwatchUITests */,
			);
		};
/* End PBXProject section */

/* Begin PBXResourcesBuildPhase section */
		18619B1B21C3B74600F9968B /* Resources */ = {
			isa = PBXResourcesBuildPhase;
			buildActionMask = 2147483647;
			files = (
				18619B2B21C3B74800F9968B /* LaunchScreen.storyboard in Resources */,
				18C35BC421CCC54E003279DD /* alarm.mp3 in Resources */,
				18619B2821C3B74800F9968B /* Assets.xcassets in Resources */,
				18619B2621C3B74600F9968B /* Main.storyboard in Resources */,
			);
			runOnlyForDeploymentPostprocessing = 0;
		};
		18619B2F21C3B74800F9968B /* Resources */ = {
			isa = PBXResourcesBuildPhase;
			buildActionMask = 2147483647;
			files = (
			);
			runOnlyForDeploymentPostprocessing = 0;
		};
		18619B3A21C3B74800F9968B /* Resources */ = {
			isa = PBXResourcesBuildPhase;
			buildActionMask = 2147483647;
			files = (
			);
			runOnlyForDeploymentPostprocessing = 0;
		};
/* End PBXResourcesBuildPhase section */

/* Begin PBXSourcesBuildPhase section */
		18619B1921C3B74600F9968B /* Sources */ = {
			isa = PBXSourcesBuildPhase;
			buildActionMask = 2147483647;
			files = (
				18619B2321C3B74600F9968B /* ViewController.swift in Sources */,
				18619B2121C3B74600F9968B /* AppDelegate.swift in Sources */,
			);
			runOnlyForDeploymentPostprocessing = 0;
		};
		18619B2D21C3B74800F9968B /* Sources */ = {
			isa = PBXSourcesBuildPhase;
			buildActionMask = 2147483647;
			files = (
				18619B3621C3B74800F9968B /* StopwatchTests.swift in Sources */,
			);
			runOnlyForDeploymentPostprocessing = 0;
		};
		18619B3821C3B74800F9968B /* Sources */ = {
			isa = PBXSourcesBuildPhase;
			buildActionMask = 2147483647;
			files = (
				18619B4121C3B74800F9968B /* StopwatchUITests.swift in Sources */,
			);
			runOnlyForDeploymentPostprocessing = 0;
		};
/* End PBXSourcesBuildPhase section */

/* Begin PBXTargetDependency section */
		18619B3321C3B74800F9968B /* PBXTargetDependency */ = {
			isa = PBXTargetDependency;
			target = 18619B1C21C3B74600F9968B /* Stopwatch */;
			targetProxy = 18619B3221C3B74800F9968B /* PBXContainerItemProxy */;
		};
		18619B3E21C3B74800F9968B /* PBXTargetDependency */ = {
			isa = PBXTargetDependency;
			target = 18619B1C21C3B74600F9968B /* Stopwatch */;
			targetProxy = 18619B3D21C3B74800F9968B /* PBXContainerItemProxy */;
		};
/* End PBXTargetDependency section */

/* Begin PBXVariantGroup section */
		18619B2421C3B74600F9968B /* Main.storyboard */ = {
			isa = PBXVariantGroup;
			children = (
				18619B2521C3B74600F9968B /* Base */,
			);
			name = Main.storyboard;
			sourceTree = "<group>";
		};
		18619B2921C3B74800F9968B /* LaunchScreen.storyboard */ = {
			isa = PBXVariantGroup;
			children = (
				18619B2A21C3B74800F9968B /* Base */,
			);
			name = LaunchScreen.storyboard;
			sourceTree = "<group>";
		};
/* End PBXVariantGroup section */

/* Begin XCBuildConfiguration section */
		18619B4321C3B74800F9968B /* Debug */ = {
			isa = XCBuildConfiguration;
			buildSettings = {
				ALWAYS_SEARCH_USER_PATHS = NO;
				CLANG_ANALYZER_NONNULL = YES;
				CLANG_ANALYZER_NUMBER_OBJECT_CONVERSION = YES_AGGRESSIVE;
				CLANG_CXX_LANGUAGE_STANDARD = "gnu++14";
				CLANG_CXX_LIBRARY = "libc++";
				CLANG_ENABLE_MODULES = YES;
				CLANG_ENABLE_OBJC_ARC = YES;
				CLANG_ENABLE_OBJC_WEAK = YES;
				CLANG_WARN_BLOCK_CAPTURE_AUTORELEASING = YES;
				CLANG_WARN_BOOL_CONVERSION = YES;
				CLANG_WARN_COMMA = YES;
				CLANG_WARN_CONSTANT_CONVERSION = YES;
				CLANG_WARN_DEPRECATED_OBJC_IMPLEMENTATIONS = YES;
				CLANG_WARN_DIRECT_OBJC_ISA_USAGE = YES_ERROR;
				CLANG_WARN_DOCUMENTATION_COMMENTS = YES;
				CLANG_WARN_EMPTY_BODY = YES;
				CLANG_WARN_ENUM_CONVERSION = YES;
				CLANG_WARN_INFINITE_RECURSION = YES;
				CLANG_WARN_INT_CONVERSION = YES;
				CLANG_WARN_NON_LITERAL_NULL_CONVERSION = YES;
				CLANG_WARN_OBJC_IMPLICIT_RETAIN_SELF = YES;
				CLANG_WARN_OBJC_LITERAL_CONVERSION = YES;
				CLANG_WARN_OBJC_ROOT_CLASS = YES_ERROR;
				CLANG_WARN_RANGE_LOOP_ANALYSIS = YES;
				CLANG_WARN_STRICT_PROTOTYPES = YES;
				CLANG_WARN_SUSPICIOUS_MOVE = YES;
				CLANG_WARN_UNGUARDED_AVAILABILITY = YES_AGGRESSIVE;
				CLANG_WARN_UNREACHABLE_CODE = YES;
				CLANG_WARN__DUPLICATE_METHOD_MATCH = YES;
				CODE_SIGN_IDENTITY = "iPhone Developer";
				COPY_PHASE_STRIP = NO;
				DEBUG_INFORMATION_FORMAT = dwarf;
				ENABLE_STRICT_OBJC_MSGSEND = YES;
				ENABLE_TESTABILITY = YES;
				GCC_C_LANGUAGE_STANDARD = gnu11;
				GCC_DYNAMIC_NO_PIC = NO;
				GCC_NO_COMMON_BLOCKS = YES;
				GCC_OPTIMIZATION_LEVEL = 0;
				GCC_PREPROCESSOR_DEFINITIONS = (
					"DEBUG=1",
					"$(inherited)",
				);
				GCC_WARN_64_TO_32_BIT_CONVERSION = YES;
				GCC_WARN_ABOUT_RETURN_TYPE = YES_ERROR;
				GCC_WARN_UNDECLARED_SELECTOR = YES;
				GCC_WARN_UNINITIALIZED_AUTOS = YES_AGGRESSIVE;
				GCC_WARN_UNUSED_FUNCTION = YES;
				GCC_WARN_UNUSED_VARIABLE = YES;
				IPHONEOS_DEPLOYMENT_TARGET = 12.1;
				MTL_ENABLE_DEBUG_INFO = INCLUDE_SOURCE;
				MTL_FAST_MATH = YES;
				ONLY_ACTIVE_ARCH = YES;
				SDKROOT = iphoneos;
				SWIFT_ACTIVE_COMPILATION_CONDITIONS = DEBUG;
				SWIFT_OPTIMIZATION_LEVEL = "-Onone";
			};
			name = Debug;
		};
		18619B4421C3B74800F9968B /* Release */ = {
			isa = XCBuildConfiguration;
			buildSettings = {
				ALWAYS_SEARCH_USER_PATHS = NO;
				CLANG_ANALYZER_NONNULL = YES;
				CLANG_ANALYZER_NUMBER_OBJECT_CONVERSION = YES_AGGRESSIVE;
				CLANG_CXX_LANGUAGE_STANDARD = "gnu++14";
				CLANG_CXX_LIBRARY = "libc++";
				CLANG_ENABLE_MODULES = YES;
				CLANG_ENABLE_OBJC_ARC = YES;
				CLANG_ENABLE_OBJC_WEAK = YES;
				CLANG_WARN_BLOCK_CAPTURE_AUTORELEASING = YES;
				CLANG_WARN_BOOL_CONVERSION = YES;
				CLANG_WARN_COMMA = YES;
				CLANG_WARN_CONSTANT_CONVERSION = YES;
				CLANG_WARN_DEPRECATED_OBJC_IMPLEMENTATIONS = YES;
				CLANG_WARN_DIRECT_OBJC_ISA_USAGE = YES_ERROR;
				CLANG_WARN_DOCUMENTATION_COMMENTS = YES;
				CLANG_WARN_EMPTY_BODY = YES;
				CLANG_WARN_ENUM_CONVERSION = YES;
				CLANG_WARN_INFINITE_RECURSION = YES;
				CLANG_WARN_INT_CONVERSION = YES;
				CLANG_WARN_NON_LITERAL_NULL_CONVERSION = YES;
				CLANG_WARN_OBJC_IMPLICIT_RETAIN_SELF = YES;
				CLANG_WARN_OBJC_LITERAL_CONVERSION = YES;
				CLANG_WARN_OBJC_ROOT_CLASS = YES_ERROR;
				CLANG_WARN_RANGE_LOOP_ANALYSIS = YES;
				CLANG_WARN_STRICT_PROTOTYPES = YES;
				CLANG_WARN_SUSPICIOUS_MOVE = YES;
				CLANG_WARN_UNGUARDED_AVAILABILITY = YES_AGGRESSIVE;
				CLANG_WARN_UNREACHABLE_CODE = YES;
				CLANG_WARN__DUPLICATE_METHOD_MATCH = YES;
				CODE_SIGN_IDENTITY = "iPhone Developer";
				COPY_PHASE_STRIP = NO;
				DEBUG_INFORMATION_FORMAT = "dwarf-with-dsym";
				ENABLE_NS_ASSERTIONS = NO;
				ENABLE_STRICT_OBJC_MSGSEND = YES;
				GCC_C_LANGUAGE_STANDARD = gnu11;
				GCC_NO_COMMON_BLOCKS = YES;
				GCC_WARN_64_TO_32_BIT_CONVERSION = YES;
				GCC_WARN_ABOUT_RETURN_TYPE = YES_ERROR;
				GCC_WARN_UNDECLARED_SELECTOR = YES;
				GCC_WARN_UNINITIALIZED_AUTOS = YES_AGGRESSIVE;
				GCC_WARN_UNUSED_FUNCTION = YES;
				GCC_WARN_UNUSED_VARIABLE = YES;
				IPHONEOS_DEPLOYMENT_TARGET = 12.1;
				MTL_ENABLE_DEBUG_INFO = NO;
				MTL_FAST_MATH = YES;
				SDKROOT = iphoneos;
				SWIFT_COMPILATION_MODE = wholemodule;
				SWIFT_OPTIMIZATION_LEVEL = "-O";
				VALIDATE_PRODUCT = YES;
			};
			name = Release;
		};
		18619B4621C3B74800F9968B /* Debug */ = {
			isa = XCBuildConfiguration;
			buildSettings = {
				ASSETCATALOG_COMPILER_APPICON_NAME = AppIcon;
				CODE_SIGN_STYLE = Automatic;
				DEVELOPMENT_TEAM = KFR6RWC37Z;
				INFOPLIST_FILE = Stopwatch/Info.plist;
				LD_RUNPATH_SEARCH_PATHS = (
					"$(inherited)",
					"@executable_path/Frameworks",
				);
				PRODUCT_BUNDLE_IDENTIFIER = Seraphic.Stopwatch;
				PRODUCT_NAME = "$(TARGET_NAME)";
				SWIFT_VERSION = 4.2;
				TARGETED_DEVICE_FAMILY = "1,2";
			};
			name = Debug;
		};
		18619B4721C3B74800F9968B /* Release */ = {
			isa = XCBuildConfiguration;
			buildSettings = {
				ASSETCATALOG_COMPILER_APPICON_NAME = AppIcon;
				CODE_SIGN_STYLE = Automatic;
				DEVELOPMENT_TEAM = KFR6RWC37Z;
				INFOPLIST_FILE = Stopwatch/Info.plist;
				LD_RUNPATH_SEARCH_PATHS = (
					"$(inherited)",
					"@executable_path/Frameworks",
				);
				PRODUCT_BUNDLE_IDENTIFIER = Seraphic.Stopwatch;
				PRODUCT_NAME = "$(TARGET_NAME)";
				SWIFT_VERSION = 4.2;
				TARGETED_DEVICE_FAMILY = "1,2";
			};
			name = Release;
		};
		18619B4921C3B74800F9968B /* Debug */ = {
			isa = XCBuildConfiguration;
			buildSettings = {
				ALWAYS_EMBED_SWIFT_STANDARD_LIBRARIES = YES;
				BUNDLE_LOADER = "$(TEST_HOST)";
				CODE_SIGN_STYLE = Automatic;
				DEVELOPMENT_TEAM = KFR6RWC37Z;
				INFOPLIST_FILE = StopwatchTests/Info.plist;
				LD_RUNPATH_SEARCH_PATHS = (
					"$(inherited)",
					"@executable_path/Frameworks",
					"@loader_path/Frameworks",
				);
				PRODUCT_BUNDLE_IDENTIFIER = Seraphic.StopwatchTests;
				PRODUCT_NAME = "$(TARGET_NAME)";
				SWIFT_VERSION = 4.2;
				TARGETED_DEVICE_FAMILY = "1,2";
				TEST_HOST = "$(BUILT_PRODUCTS_DIR)/Stopwatch.app/Stopwatch";
			};
			name = Debug;
		};
		18619B4A21C3B74800F9968B /* Release */ = {
			isa = XCBuildConfiguration;
			buildSettings = {
				ALWAYS_EMBED_SWIFT_STANDARD_LIBRARIES = YES;
				BUNDLE_LOADER = "$(TEST_HOST)";
				CODE_SIGN_STYLE = Automatic;
				DEVELOPMENT_TEAM = KFR6RWC37Z;
				INFOPLIST_FILE = StopwatchTests/Info.plist;
				LD_RUNPATH_SEARCH_PATHS = (
					"$(inherited)",
					"@executable_path/Frameworks",
					"@loader_path/Frameworks",
				);
				PRODUCT_BUNDLE_IDENTIFIER = Seraphic.StopwatchTests;
				PRODUCT_NAME = "$(TARGET_NAME)";
				SWIFT_VERSION = 4.2;
				TARGETED_DEVICE_FAMILY = "1,2";
				TEST_HOST = "$(BUILT_PRODUCTS_DIR)/Stopwatch.app/Stopwatch";
			};
			name = Release;
		};
		18619B4C21C3B74800F9968B /* Debug */ = {
			isa = XCBuildConfiguration;
			buildSettings = {
				ALWAYS_EMBED_SWIFT_STANDARD_LIBRARIES = YES;
				CODE_SIGN_STYLE = Automatic;
				DEVELOPMENT_TEAM = KFR6RWC37Z;
				INFOPLIST_FILE = StopwatchUITests/Info.plist;
				LD_RUNPATH_SEARCH_PATHS = (
					"$(inherited)",
					"@executable_path/Frameworks",
					"@loader_path/Frameworks",
				);
				PRODUCT_BUNDLE_IDENTIFIER = Seraphic.StopwatchUITests;
				PRODUCT_NAME = "$(TARGET_NAME)";
				SWIFT_VERSION = 4.2;
				TARGETED_DEVICE_FAMILY = "1,2";
				TEST_TARGET_NAME = Stopwatch;
			};
			name = Debug;
		};
		18619B4D21C3B74800F9968B /* Release */ = {
			isa = XCBuildConfiguration;
			buildSettings = {
				ALWAYS_EMBED_SWIFT_STANDARD_LIBRARIES = YES;
				CODE_SIGN_STYLE = Automatic;
				DEVELOPMENT_TEAM = KFR6RWC37Z;
				INFOPLIST_FILE = StopwatchUITests/Info.plist;
				LD_RUNPATH_SEARCH_PATHS = (
					"$(inherited)",
					"@executable_path/Frameworks",
					"@loader_path/Frameworks",
				);
				PRODUCT_BUNDLE_IDENTIFIER = Seraphic.StopwatchUITests;
				PRODUCT_NAME = "$(TARGET_NAME)";
				SWIFT_VERSION = 4.2;
				TARGETED_DEVICE_FAMILY = "1,2";
				TEST_TARGET_NAME = Stopwatch;
			};
			name = Release;
		};
/* End XCBuildConfiguration section */

/* Begin XCConfigurationList section */
		18619B1821C3B74600F9968B /* Build configuration list for PBXProject "Stopwatch" */ = {
			isa = XCConfigurationList;
			buildConfigurations = (
				18619B4321C3B74800F9968B /* Debug */,
				18619B4421C3B74800F9968B /* Release */,
			);
			defaultConfigurationIsVisible = 0;
			defaultConfigurationName = Release;
		};
		18619B4521C3B74800F9968B /* Build configuration list for PBXNativeTarget "Stopwatch" */ = {
			isa = XCConfigurationList;
			buildConfigurations = (
				18619B4621C3B74800F9968B /* Debug */,
				18619B4721C3B74800F9968B /* Release */,
			);
			defaultConfigurationIsVisible = 0;
			defaultConfigurationName = Release;
		};
		18619B4821C3B74800F9968B /* Build configuration list for PBXNativeTarget "StopwatchTests" */ = {
			isa = XCConfigurationList;
			buildConfigurations = (
				18619B4921C3B74800F9968B /* Debug */,
				18619B4A21C3B74800F9968B /* Release */,
			);
			defaultConfigurationIsVisible = 0;
			defaultConfigurationName = Release;
		};
		18619B4B21C3B74800F9968B /* Build configuration list for PBXNativeTarget "StopwatchUITests" */ = {
			isa = XCConfigurationList;
			buildConfigurations = (
				18619B4C21C3B74800F9968B /* Debug */,
				18619B4D21C3B74800F9968B /* Release */,
			);
			defaultConfigurationIsVisible = 0;
			defaultConfigurationName = Release;
		};
/* End XCConfigurationList section */
	};
	rootObject = 18619B1521C3B74600F9968B /* Project object */;
}
